
Microsoft Visual Studio Solution File, Format Version 12.00
# Visual Studio Version 16
VisualStudioVersion = 16.0.32630.194
MinimumVisualStudioVersion = 10.0.40219.1
Project("{FAE04EC0-301F-11D3-BF4B-00C04F79EFBC}") = "YuGiOhCards", "YuGiOhCards\YuGiOhCards.csproj", "{4756BD6E-70D9-46FA-A9BF-F44CFCCBCC02}"
EndProject
Global
	GlobalSection(SolutionConfigurationPlatforms) = preSolution
		Debug|Any CPU = Debug|Any CPU
		Release|Any CPU = Release|Any CPU
	EndGlobalSection
	GlobalSection(ProjectConfigurationPlatforms) = postSolution
		{4756BD6E-70D9-46FA-A9BF-F44CFCCBCC02}.Debug|Any CPU.ActiveCfg = Debug|Any CPU
		{4756BD6E-70D9-46FA-A9BF-F44CFCCBCC02}.Debug|Any CPU.Build.0 = Debug|Any CPU
		{4756BD6E-70D9-46FA-A9BF-F44CFCCBCC02}.Release|Any CPU.ActiveCfg = Release|Any CPU
		{4756BD6E-70D9-46FA-A9BF-F44CFCCBCC02}.Release|Any CPU.Build.0 = Release|Any CPU
	EndGlobalSection
	GlobalSection(SolutionProperties) = preSolution
		HideSolutionNode = FALSE
	EndGlobalSection
	GlobalSection(ExtensibilityGlobals) = postSolution
		SolutionGuid = {70E763F5-3622-45F8-8E55-8695F90B9D13}
	EndGlobalSection
EndGlobal
